
Microsoft Visual Studio Solution File, Format Version 12.00
# Visual Studio 14
VisualStudioVersion = 14.0.22823.1
MinimumVisualStudioVersion = 10.0.40219.1
Project("{FAE04EC0-301F-11D3-BF4B-00C04F79EFBC}") = "EntityFrameworkSample", "EntityFrameworkSample\EntityFrameworkSample.csproj", "{439BB4A5-BA32-4C8E-A2A4-801A1C577704}"
EndProject
Project("{FAE04EC0-301F-11D3-BF4B-00C04F79EFBC}") = "EntityFrameworkSample.DataAccessLayer", "EntityFrameworkSample.DataAccessLayer\EntityFrameworkSample.DataAccessLayer.csproj", "{A1D57388-7C80-4D74-BF64-67D1EC346805}"
EndProject
Project("{FAE04EC0-301F-11D3-BF4B-00C04F79EFBC}") = "EntityFrameworkSample.Domain", "EntityFrameworkSample.Domain\EntityFrameworkSample.Domain.csproj", "{C19B9498-F441-4462-9871-892EEF27D5A6}"
EndProject
Global
	GlobalSection(SolutionConfigurationPlatforms) = preSolution
		Debug|Any CPU = Debug|Any CPU
		Release|Any CPU = Release|Any CPU
	EndGlobalSection
	GlobalSection(ProjectConfigurationPlatforms) = postSolution
		{439BB4A5-BA32-4C8E-A2A4-801A1C577704}.Debug|Any CPU.ActiveCfg = Debug|Any CPU
		{439BB4A5-BA32-4C8E-A2A4-801A1C577704}.Debug|Any CPU.Build.0 = Debug|Any CPU
		{439BB4A5-BA32-4C8E-A2A4-801A1C577704}.Release|Any CPU.ActiveCfg = Release|Any CPU
		{439BB4A5-BA32-4C8E-A2A4-801A1C577704}.Release|Any CPU.Build.0 = Release|Any CPU
		{A1D57388-7C80-4D74-BF64-67D1EC346805}.Debug|Any CPU.ActiveCfg = Debug|Any CPU
		{A1D57388-7C80-4D74-BF64-67D1EC346805}.Debug|Any CPU.Build.0 = Debug|Any CPU
		{A1D57388-7C80-4D74-BF64-67D1EC346805}.Release|Any CPU.ActiveCfg = Release|Any CPU
		{A1D57388-7C80-4D74-BF64-67D1EC346805}.Release|Any CPU.Build.0 = Release|Any CPU
		{C19B9498-F441-4462-9871-892EEF27D5A6}.Debug|Any CPU.ActiveCfg = Debug|Any CPU
		{C19B9498-F441-4462-9871-892EEF27D5A6}.Debug|Any CPU.Build.0 = Debug|Any CPU
		{C19B9498-F441-4462-9871-892EEF27D5A6}.Release|Any CPU.ActiveCfg = Release|Any CPU
		{C19B9498-F441-4462-9871-892EEF27D5A6}.Release|Any CPU.Build.0 = Release|Any CPU
	EndGlobalSection
	GlobalSection(SolutionProperties) = preSolution
		HideSolutionNode = FALSE
	EndGlobalSection
EndGlobal
